
Microsoft Visual Studio Solution File, Format Version 12.00
# Visual Studio 15
Project("{FAE04EC0-301F-11D3-BF4B-00C04F79EFBC}") = "Assembly-CSharp", "Assembly-CSharp.csproj", "{8C739CB5-5089-6739-7157-0722FAE949A1}"
EndProject
Project("{FAE04EC0-301F-11D3-BF4B-00C04F79EFBC}") = "Assembly-CSharp-firstpass", "Assembly-CSharp-firstpass.csproj", "{0376BE21-9378-EB39-FF5A-6B66F5F33FA9}"
EndProject
Project("{FAE04EC0-301F-11D3-BF4B-00C04F79EFBC}") = "Assembly-CSharp-Editor-firstpass", "Assembly-CSharp-Editor-firstpass.csproj", "{E3B473E3-4A05-9734-8B2B-42B8E8AEC5B1}"
EndProject
Global
	GlobalSection(SolutionConfigurationPlatforms) = preSolution
		Debug|Any CPU = Debug|Any CPU
		Release|Any CPU = Release|Any CPU
	EndGlobalSection
	GlobalSection(ProjectConfigurationPlatforms) = postSolution
		{8C739CB5-5089-6739-7157-0722FAE949A1}.Debug|Any CPU.ActiveCfg = Debug|Any CPU
		{8C739CB5-5089-6739-7157-0722FAE949A1}.Debug|Any CPU.Build.0 = Debug|Any CPU
		{8C739CB5-5089-6739-7157-0722FAE949A1}.Release|Any CPU.ActiveCfg = Release|Any CPU
		{8C739CB5-5089-6739-7157-0722FAE949A1}.Release|Any CPU.Build.0 = Release|Any CPU
		{0376BE21-9378-EB39-FF5A-6B66F5F33FA9}.Debug|Any CPU.ActiveCfg = Debug|Any CPU
		{0376BE21-9378-EB39-FF5A-6B66F5F33FA9}.Debug|Any CPU.Build.0 = Debug|Any CPU
		{0376BE21-9378-EB39-FF5A-6B66F5F33FA9}.Release|Any CPU.ActiveCfg = Release|Any CPU
		{0376BE21-9378-EB39-FF5A-6B66F5F33FA9}.Release|Any CPU.Build.0 = Release|Any CPU
		{E3B473E3-4A05-9734-8B2B-42B8E8AEC5B1}.Debug|Any CPU.ActiveCfg = Debug|Any CPU
		{E3B473E3-4A05-9734-8B2B-42B8E8AEC5B1}.Debug|Any CPU.Build.0 = Debug|Any CPU
		{E3B473E3-4A05-9734-8B2B-42B8E8AEC5B1}.Release|Any CPU.ActiveCfg = Release|Any CPU
		{E3B473E3-4A05-9734-8B2B-42B8E8AEC5B1}.Release|Any CPU.Build.0 = Release|Any CPU
	EndGlobalSection
	GlobalSection(SolutionProperties) = preSolution
		HideSolutionNode = FALSE
	EndGlobalSection
EndGlobal
